// !$*UTF8*$!
{
	archiveVersion = 1;
	classes = {
	};
	objectVersion = 56;
	objects = {

/* Begin PBXBuildFile section */
		7BFA24A12A131D9A00A6A444 /* AppDelegate.swift in Sources */ = {isa = PBXBuildFile; fileRef = 7BFA24A02A131D9A00A6A444 /* AppDelegate.swift */; };
		7BFA24A32A131D9A00A6A444 /* SceneDelegate.swift in Sources */ = {isa = PBXBuildFile; fileRef = 7BFA24A22A131D9A00A6A444 /* SceneDelegate.swift */; };
		7BFA24A52A131D9A00A6A444 /* ViewController.swift in Sources */ = {isa = PBXBuildFile; fileRef = 7BFA24A42A131D9A00A6A444 /* ViewController.swift */; };
		7BFA24A82A131D9A00A6A444 /* Main.storyboard in Resources */ = {isa = PBXBuildFile; fileRef = 7BFA24A62A131D9A00A6A444 /* Main.storyboard */; };
		7BFA24AB2A131D9A00A6A444 /* ListenAndSpeakApp.xcdatamodeld in Sources */ = {isa = PBXBuildFile; fileRef = 7BFA24A92A131D9A00A6A444 /* ListenAndSpeakApp.xcdatamodeld */; };
		7BFA24AD2A131D9B00A6A444 /* Assets.xcassets in Resources */ = {isa = PBXBuildFile; fileRef = 7BFA24AC2A131D9B00A6A444 /* Assets.xcassets */; };
		7BFA24B02A131D9B00A6A444 /* LaunchScreen.storyboard in Resources */ = {isa = PBXBuildFile; fileRef = 7BFA24AE2A131D9B00A6A444 /* LaunchScreen.storyboard */; };
		E5D3DB23961A0FF6A99B702E /* Pods_ListenAndSpeakApp.framework in Frameworks */ = {isa = PBXBuildFile; fileRef = 00CDED2E9D4C0AE64FB3B3BC /* Pods_ListenAndSpeakApp.framework */; };
/* End PBXBuildFile section */

/* Begin PBXFileReference section */
		00CDED2E9D4C0AE64FB3B3BC /* Pods_ListenAndSpeakApp.framework */ = {isa = PBXFileReference; explicitFileType = wrapper.framework; includeInIndex = 0; path = Pods_ListenAndSpeakApp.framework; sourceTree = BUILT_PRODUCTS_DIR; };
		1B99E982D5445794EC6F1771 /* Pods-ListenAndSpeakApp.debug.xcconfig */ = {isa = PBXFileReference; includeInIndex = 1; lastKnownFileType = text.xcconfig; name = "Pods-ListenAndSpeakApp.debug.xcconfig"; path = "Target Support Files/Pods-ListenAndSpeakApp/Pods-ListenAndSpeakApp.debug.xcconfig"; sourceTree = "<group>"; };
		7BFA249D2A131D9A00A6A444 /* ListenAndSpeakApp.app */ = {isa = PBXFileReference; explicitFileType = wrapper.application; includeInIndex = 0; path = ListenAndSpeakApp.app; sourceTree = BUILT_PRODUCTS_DIR; };
		7BFA24A02A131D9A00A6A444 /* AppDelegate.swift */ = {isa = PBXFileReference; lastKnownFileType = sourcecode.swift; path = AppDelegate.swift; sourceTree = "<group>"; };
		7BFA24A22A131D9A00A6A444 /* SceneDelegate.swift */ = {isa = PBXFileReference; lastKnownFileType = sourcecode.swift; path = SceneDelegate.swift; sourceTree = "<group>"; };
		7BFA24A42A131D9A00A6A444 /* ViewController.swift */ = {isa = PBXFileReference; lastKnownFileType = sourcecode.swift; path = ViewController.swift; sourceTree = "<group>"; };
		7BFA24A72A131D9A00A6A444 /* Base */ = {isa = PBXFileReference; lastKnownFileType = file.storyboard; name = Base; path = Base.lproj/Main.storyboard; sourceTree = "<group>"; };
		7BFA24AA2A131D9A00A6A444 /* ListenAndSpeakApp.xcdatamodel */ = {isa = PBXFileReference; lastKnownFileType = wrapper.xcdatamodel; path = ListenAndSpeakApp.xcdatamodel; sourceTree = "<group>"; };
		7BFA24AC2A131D9B00A6A444 /* Assets.xcassets */ = {isa = PBXFileReference; lastKnownFileType = folder.assetcatalog; path = Assets.xcassets; sourceTree = "<group>"; };
		7BFA24AF2A131D9B00A6A444 /* Base */ = {isa = PBXFileReference; lastKnownFileType = file.storyboard; name = Base; path = Base.lproj/LaunchScreen.storyboard; sourceTree = "<group>"; };
		7BFA24B12A131D9B00A6A444 /* Info.plist */ = {isa = PBXFileReference; lastKnownFileType = text.plist.xml; path = Info.plist; sourceTree = "<group>"; };
		E3521DF30943BC48032074D8 /* Pods-ListenAndSpeakApp.release.xcconfig */ = {isa = PBXFileReference; includeInIndex = 1; lastKnownFileType = text.xcconfig; name = "Pods-ListenAndSpeakApp.release.xcconfig"; path = "Target Support Files/Pods-ListenAndSpeakApp/Pods-ListenAndSpeakApp.release.xcconfig"; sourceTree = "<group>"; };
/* End PBXFileReference section */

/* Begin PBXFrameworksBuildPhase section */
		7BFA249A2A131D9A00A6A444 /* Frameworks */ = {
			isa = PBXFrameworksBuildPhase;
			buildActionMask = 2147483647;
			files = (
				E5D3DB23961A0FF6A99B702E /* Pods_ListenAndSpeakApp.framework in Frameworks */,
			);
			runOnlyForDeploymentPostprocessing = 0;
		};
/* End PBXFrameworksBuildPhase section */

/* Begin PBXGroup section */
		35F4B6044FE6E9A9C7A9140E /* Pods */ = {
			isa = PBXGroup;
			children = (
				1B99E982D5445794EC6F1771 /* Pods-ListenAndSpeakApp.debug.xcconfig */,
				E3521DF30943BC48032074D8 /* Pods-ListenAndSpeakApp.release.xcconfig */,
			);
			name = Pods;
			path = Pods;
			sourceTree = "<group>";
		};
		7BFA24942A131D9A00A6A444 = {
			isa = PBXGroup;
			children = (
				7BFA249F2A131D9A00A6A444 /* ListenAndSpeakApp */,
				7BFA249E2A131D9A00A6A444 /* Products */,
				35F4B6044FE6E9A9C7A9140E /* Pods */,
				ED498F931C875362C66B8E9C /* Frameworks */,
			);
			sourceTree = "<group>";
		};
		7BFA249E2A131D9A00A6A444 /* Products */ = {
			isa = PBXGroup;
			children = (
				7BFA249D2A131D9A00A6A444 /* ListenAndSpeakApp.app */,
			);
			name = Products;
			sourceTree = "<group>";
		};
		7BFA249F2A131D9A00A6A444 /* ListenAndSpeakApp */ = {
			isa = PBXGroup;
			children = (
				7BFA24A02A131D9A00A6A444 /* AppDelegate.swift */,
				7BFA24A22A131D9A00A6A444 /* SceneDelegate.swift */,
				7BFA24A42A131D9A00A6A444 /* ViewController.swift */,
				7BFA24A62A131D9A00A6A444 /* Main.storyboard */,
				7BFA24AC2A131D9B00A6A444 /* Assets.xcassets */,
				7BFA24AE2A131D9B00A6A444 /* LaunchScreen.storyboard */,
				7BFA24B12A131D9B00A6A444 /* Info.plist */,
				7BFA24A92A131D9A00A6A444 /* ListenAndSpeakApp.xcdatamodeld */,
			);
			path = ListenAndSpeakApp;
			sourceTree = "<group>";
		};
		ED498F931C875362C66B8E9C /* Frameworks */ = {
			isa = PBXGroup;
			children = (
				00CDED2E9D4C0AE64FB3B3BC /* Pods_ListenAndSpeakApp.framework */,
			);
			name = Frameworks;
			sourceTree = "<group>";
		};
/* End PBXGroup section */

/* Begin PBXNativeTarget section */
		7BFA249C2A131D9A00A6A444 /* ListenAndSpeakApp */ = {
			isa = PBXNativeTarget;
			buildConfigurationList = 7BFA24B42A131D9B00A6A444 /* Build configuration list for PBXNativeTarget "ListenAndSpeakApp" */;
			buildPhases = (
				FCC6FBA9F94DA0AEE11F3591 /* [CP] Check Pods Manifest.lock */,
				7BFA24992A131D9A00A6A444 /* Sources */,
				7BFA249A2A131D9A00A6A444 /* Frameworks */,
				7BFA249B2A131D9A00A6A444 /* Resources */,
			);
			buildRules = (
			);
			dependencies = (
			);
			name = ListenAndSpeakApp;
			productName = ListenAndSpeakApp;
			productReference = 7BFA249D2A131D9A00A6A444 /* ListenAndSpeakApp.app */;
			productType = "com.apple.product-type.application";
		};
/* End PBXNativeTarget section */

/* Begin PBXProject section */
		7BFA24952A131D9A00A6A444 /* Project object */ = {
			isa = PBXProject;
			attributes = {
				BuildIndependentTargetsInParallel = 1;
				LastSwiftUpdateCheck = 1420;
				LastUpgradeCheck = 1420;
				TargetAttributes = {
					7BFA249C2A131D9A00A6A444 = {
						CreatedOnToolsVersion = 14.2;
					};
				};
			};
			buildConfigurationList = 7BFA24982A131D9A00A6A444 /* Build configuration list for PBXProject "ListenAndSpeakApp" */;
			compatibilityVersion = "Xcode 14.0";
			developmentRegion = en;
			hasScannedForEncodings = 0;
			knownRegions = (
				en,
				Base,
			);
			mainGroup = 7BFA24942A131D9A00A6A444;
			productRefGroup = 7BFA249E2A131D9A00A6A444 /* Products */;
			projectDirPath = "";
			projectRoot = "";
			targets = (
				7BFA249C2A131D9A00A6A444 /* ListenAndSpeakApp */,
			);
		};
/* End PBXProject section */

/* Begin PBXResourcesBuildPhase section */
		7BFA249B2A131D9A00A6A444 /* Resources */ = {
			isa = PBXResourcesBuildPhase;
			buildActionMask = 2147483647;
			files = (
				7BFA24B02A131D9B00A6A444 /* LaunchScreen.storyboard in Resources */,
				7BFA24AD2A131D9B00A6A444 /* Assets.xcassets in Resources */,
				7BFA24A82A131D9A00A6A444 /* Main.storyboard in Resources */,
			);
			runOnlyForDeploymentPostprocessing = 0;
		};
/* End PBXResourcesBuildPhase section */

/* Begin PBXShellScriptBuildPhase section */
		FCC6FBA9F94DA0AEE11F3591 /* [CP] Check Pods Manifest.lock */ = {
			isa = PBXShellScriptBuildPhase;
			buildActionMask = 2147483647;
			files = (
			);
			inputFileListPaths = (
			);
			inputPaths = (
				"${PODS_PODFILE_DIR_PATH}/Podfile.lock",
				"${PODS_ROOT}/Manifest.lock",
			);
			name = "[CP] Check Pods Manifest.lock";
			outputFileListPaths = (
			);
			outputPaths = (
				"$(DERIVED_FILE_DIR)/Pods-ListenAndSpeakApp-checkManifestLockResult.txt",
			);
			runOnlyForDeploymentPostprocessing = 0;
			shellPath = /bin/sh;
			shellScript = "diff \"${PODS_PODFILE_DIR_PATH}/Podfile.lock\" \"${PODS_ROOT}/Manifest.lock\" > /dev/null\nif [ $? != 0 ] ; then\n    # print error to STDERR\n    echo \"error: The sandbox is not in sync with the Podfile.lock. Run 'pod install' or update your CocoaPods installation.\" >&2\n    exit 1\nfi\n# This output is used by Xcode 'outputs' to avoid re-running this script phase.\necho \"SUCCESS\" > \"${SCRIPT_OUTPUT_FILE_0}\"\n";
			showEnvVarsInLog = 0;
		};
/* End PBXShellScriptBuildPhase section */

/* Begin PBXSourcesBuildPhase section */
		7BFA24992A131D9A00A6A444 /* Sources */ = {
			isa = PBXSourcesBuildPhase;
			buildActionMask = 2147483647;
			files = (
				7BFA24A52A131D9A00A6A444 /* ViewController.swift in Sources */,
				7BFA24AB2A131D9A00A6A444 /* ListenAndSpeakApp.xcdatamodeld in Sources */,
				7BFA24A12A131D9A00A6A444 /* AppDelegate.swift in Sources */,
				7BFA24A32A131D9A00A6A444 /* SceneDelegate.swift in Sources */,
			);
			runOnlyForDeploymentPostprocessing = 0;
		};
/* End PBXSourcesBuildPhase section */

/* Begin PBXVariantGroup section */
		7BFA24A62A131D9A00A6A444 /* Main.storyboard */ = {
			isa = PBXVariantGroup;
			children = (
				7BFA24A72A131D9A00A6A444 /* Base */,
			);
			name = Main.storyboard;
			sourceTree = "<group>";
		};
		7BFA24AE2A131D9B00A6A444 /* LaunchScreen.storyboard */ = {
			isa = PBXVariantGroup;
			children = (
				7BFA24AF2A131D9B00A6A444 /* Base */,
			);
			name = LaunchScreen.storyboard;
			sourceTree = "<group>";
		};
/* End PBXVariantGroup section */

/* Begin XCBuildConfiguration section */
		7BFA24B22A131D9B00A6A444 /* Debug */ = {
			isa = XCBuildConfiguration;
			buildSettings = {
				ALWAYS_SEARCH_USER_PATHS = NO;
				CLANG_ANALYZER_NONNULL = YES;
				CLANG_ANALYZER_NUMBER_OBJECT_CONVERSION = YES_AGGRESSIVE;
				CLANG_CXX_LANGUAGE_STANDARD = "gnu++20";
				CLANG_ENABLE_MODULES = YES;
				CLANG_ENABLE_OBJC_ARC = YES;
				CLANG_ENABLE_OBJC_WEAK = YES;
				CLANG_WARN_BLOCK_CAPTURE_AUTORELEASING = YES;
				CLANG_WARN_BOOL_CONVERSION = YES;
				CLANG_WARN_COMMA = YES;
				CLANG_WARN_CONSTANT_CONVERSION = YES;
				CLANG_WARN_DEPRECATED_OBJC_IMPLEMENTATIONS = YES;
				CLANG_WARN_DIRECT_OBJC_ISA_USAGE = YES_ERROR;
				CLANG_WARN_DOCUMENTATION_COMMENTS = YES;
				CLANG_WARN_EMPTY_BODY = YES;
				CLANG_WARN_ENUM_CONVERSION = YES;
				CLANG_WARN_INFINITE_RECURSION = YES;
				CLANG_WARN_INT_CONVERSION = YES;
				CLANG_WARN_NON_LITERAL_NULL_CONVERSION = YES;
				CLANG_WARN_OBJC_IMPLICIT_RETAIN_SELF = YES;
				CLANG_WARN_OBJC_LITERAL_CONVERSION = YES;
				CLANG_WARN_OBJC_ROOT_CLASS = YES_ERROR;
				CLANG_WARN_QUOTED_INCLUDE_IN_FRAMEWORK_HEADER = YES;
				CLANG_WARN_RANGE_LOOP_ANALYSIS = YES;
				CLANG_WARN_STRICT_PROTOTYPES = YES;
				CLANG_WARN_SUSPICIOUS_MOVE = YES;
				CLANG_WARN_UNGUARDED_AVAILABILITY = YES_AGGRESSIVE;
				CLANG_WARN_UNREACHABLE_CODE = YES;
				CLANG_WARN__DUPLICATE_METHOD_MATCH = YES;
				COPY_PHASE_STRIP = NO;
				DEBUG_INFORMATION_FORMAT = dwarf;
				ENABLE_STRICT_OBJC_MSGSEND = YES;
				ENABLE_TESTABILITY = YES;
				GCC_C_LANGUAGE_STANDARD = gnu11;
				GCC_DYNAMIC_NO_PIC = NO;
				GCC_NO_COMMON_BLOCKS = YES;
				GCC_OPTIMIZATION_LEVEL = 0;
				GCC_PREPROCESSOR_DEFINITIONS = (
					"DEBUG=1",
					"$(inherited)",
				);
				GCC_WARN_64_TO_32_BIT_CONVERSION = YES;
				GCC_WARN_ABOUT_RETURN_TYPE = YES_ERROR;
				GCC_WARN_UNDECLARED_SELECTOR = YES;
				GCC_WARN_UNINITIALIZED_AUTOS = YES_AGGRESSIVE;
				GCC_WARN_UNUSED_FUNCTION = YES;
				GCC_WARN_UNUSED_VARIABLE = YES;
				IPHONEOS_DEPLOYMENT_TARGET = 16.2;
				MTL_ENABLE_DEBUG_INFO = INCLUDE_SOURCE;
				MTL_FAST_MATH = YES;
				ONLY_ACTIVE_ARCH = YES;
				SDKROOT = iphoneos;
				SWIFT_ACTIVE_COMPILATION_CONDITIONS = DEBUG;
				SWIFT_OPTIMIZATION_LEVEL = "-Onone";
			};
			name = Debug;
		};
		7BFA24B32A131D9B00A6A444 /* Release */ = {
			isa = XCBuildConfiguration;
			buildSettings = {
				ALWAYS_SEARCH_USER_PATHS = NO;
				CLANG_ANALYZER_NONNULL = YES;
				CLANG_ANALYZER_NUMBER_OBJECT_CONVERSION = YES_AGGRESSIVE;
				CLANG_CXX_LANGUAGE_STANDARD = "gnu++20";
				CLANG_ENABLE_MODULES = YES;
				CLANG_ENABLE_OBJC_ARC = YES;
				CLANG_ENABLE_OBJC_WEAK = YES;
				CLANG_WARN_BLOCK_CAPTURE_AUTORELEASING = YES;
				CLANG_WARN_BOOL_CONVERSION = YES;
				CLANG_WARN_COMMA = YES;
				CLANG_WARN_CONSTANT_CONVERSION = YES;
				CLANG_WARN_DEPRECATED_OBJC_IMPLEMENTATIONS = YES;
				CLANG_WARN_DIRECT_OBJC_ISA_USAGE = YES_ERROR;
				CLANG_WARN_DOCUMENTATION_COMMENTS = YES;
				CLANG_WARN_EMPTY_BODY = YES;
				CLANG_WARN_ENUM_CONVERSION = YES;
				CLANG_WARN_INFINITE_RECURSION = YES;
				CLANG_WARN_INT_CONVERSION = YES;
				CLANG_WARN_NON_LITERAL_NULL_CONVERSION = YES;
				CLANG_WARN_OBJC_IMPLICIT_RETAIN_SELF = YES;
				CLANG_WARN_OBJC_LITERAL_CONVERSION = YES;
				CLANG_WARN_OBJC_ROOT_CLASS = YES_ERROR;
				CLANG_WARN_QUOTED_INCLUDE_IN_FRAMEWORK_HEADER = YES;
				CLANG_WARN_RANGE_LOOP_ANALYSIS = YES;
				CLANG_WARN_STRICT_PROTOTYPES = YES;
				CLANG_WARN_SUSPICIOUS_MOVE = YES;
				CLANG_WARN_UNGUARDED_AVAILABILITY = YES_AGGRESSIVE;
				CLANG_WARN_UNREACHABLE_CODE = YES;
				CLANG_WARN__DUPLICATE_METHOD_MATCH = YES;
				COPY_PHASE_STRIP = NO;
				DEBUG_INFORMATION_FORMAT = "dwarf-with-dsym";
				ENABLE_NS_ASSERTIONS = NO;
				ENABLE_STRICT_OBJC_MSGSEND = YES;
				GCC_C_LANGUAGE_STANDARD = gnu11;
				GCC_NO_COMMON_BLOCKS = YES;
				GCC_WARN_64_TO_32_BIT_CONVERSION = YES;
				GCC_WARN_ABOUT_RETURN_TYPE = YES_ERROR;
				GCC_WARN_UNDECLARED_SELECTOR = YES;
				GCC_WARN_UNINITIALIZED_AUTOS = YES_AGGRESSIVE;
				GCC_WARN_UNUSED_FUNCTION = YES;
				GCC_WARN_UNUSED_VARIABLE = YES;
				IPHONEOS_DEPLOYMENT_TARGET = 16.2;
				MTL_ENABLE_DEBUG_INFO = NO;
				MTL_FAST_MATH = YES;
				SDKROOT = iphoneos;
				SWIFT_COMPILATION_MODE = wholemodule;
				SWIFT_OPTIMIZATION_LEVEL = "-O";
				VALIDATE_PRODUCT = YES;
			};
			name = Release;
		};
		7BFA24B52A131D9B00A6A444 /* Debug */ = {
			isa = XCBuildConfiguration;
			baseConfigurationReference = 1B99E982D5445794EC6F1771 /* Pods-ListenAndSpeakApp.debug.xcconfig */;
			buildSettings = {
				ASSETCATALOG_COMPILER_APPICON_NAME = AppIcon;
				ASSETCATALOG_COMPILER_GLOBAL_ACCENT_COLOR_NAME = AccentColor;
				CODE_SIGN_STYLE = Automatic;
				CURRENT_PROJECT_VERSION = 1;
				DEVELOPMENT_TEAM = 9Y3C29YBST;
				GENERATE_INFOPLIST_FILE = YES;
				INFOPLIST_FILE = ListenAndSpeakApp/Info.plist;
				INFOPLIST_KEY_UIApplicationSupportsIndirectInputEvents = YES;
				INFOPLIST_KEY_UILaunchStoryboardName = LaunchScreen;
				INFOPLIST_KEY_UIMainStoryboardFile = Main;
				INFOPLIST_KEY_UISupportedInterfaceOrientations_iPad = "UIInterfaceOrientationPortrait UIInterfaceOrientationPortraitUpsideDown UIInterfaceOrientationLandscapeLeft UIInterfaceOrientationLandscapeRight";
				INFOPLIST_KEY_UISupportedInterfaceOrientations_iPhone = "UIInterfaceOrientationPortrait UIInterfaceOrientationLandscapeLeft UIInterfaceOrientationLandscapeRight";
				LD_RUNPATH_SEARCH_PATHS = (
					"$(inherited)",
					"@executable_path/Frameworks",
				);
				MARKETING_VERSION = 1.0;
				PRODUCT_BUNDLE_IDENTIFIER = Cudo.ListenAndSpeakApp;
				PRODUCT_NAME = "$(TARGET_NAME)";
				SWIFT_EMIT_LOC_STRINGS = YES;
				SWIFT_VERSION = 5.0;
				TARGETED_DEVICE_FAMILY = "1,2";
			};
			name = Debug;
		};
		7BFA24B62A131D9B00A6A444 /* Release */ = {
			isa = XCBuildConfiguration;
			baseConfigurationReference = E3521DF30943BC48032074D8 /* Pods-ListenAndSpeakApp.release.xcconfig */;
			buildSettings = {
				ASSETCATALOG_COMPILER_APPICON_NAME = AppIcon;
				ASSETCATALOG_COMPILER_GLOBAL_ACCENT_COLOR_NAME = AccentColor;
				CODE_SIGN_STYLE = Automatic;
				CURRENT_PROJECT_VERSION = 1;
				DEVELOPMENT_TEAM = 9Y3C29YBST;
				GENERATE_INFOPLIST_FILE = YES;
				INFOPLIST_FILE = ListenAndSpeakApp/Info.plist;
				INFOPLIST_KEY_UIApplicationSupportsIndirectInputEvents = YES;
				INFOPLIST_KEY_UILaunchStoryboardName = LaunchScreen;
				INFOPLIST_KEY_UIMainStoryboardFile = Main;
				INFOPLIST_KEY_UISupportedInterfaceOrientations_iPad = "UIInterfaceOrientationPortrait UIInterfaceOrientationPortraitUpsideDown UIInterfaceOrientationLandscapeLeft UIInterfaceOrientationLandscapeRight";
				INFOPLIST_KEY_UISupportedInterfaceOrientations_iPhone = "UIInterfaceOrientationPortrait UIInterfaceOrientationLandscapeLeft UIInterfaceOrientationLandscapeRight";
				LD_RUNPATH_SEARCH_PATHS = (
					"$(inherited)",
					"@executable_path/Frameworks",
				);
				MARKETING_VERSION = 1.0;
				PRODUCT_BUNDLE_IDENTIFIER = Cudo.ListenAndSpeakApp;
				PRODUCT_NAME = "$(TARGET_NAME)";
				SWIFT_EMIT_LOC_STRINGS = YES;
				SWIFT_VERSION = 5.0;
				TARGETED_DEVICE_FAMILY = "1,2";
			};
			name = Release;
		};
/* End XCBuildConfiguration section */

/* Begin XCConfigurationList section */
		7BFA24982A131D9A00A6A444 /* Build configuration list for PBXProject "ListenAndSpeakApp" */ = {
			isa = XCConfigurationList;
			buildConfigurations = (
				7BFA24B22A131D9B00A6A444 /* Debug */,
				7BFA24B32A131D9B00A6A444 /* Release */,
			);
			defaultConfigurationIsVisible = 0;
			defaultConfigurationName = Release;
		};
		7BFA24B42A131D9B00A6A444 /* Build configuration list for PBXNativeTarget "ListenAndSpeakApp" */ = {
			isa = XCConfigurationList;
			buildConfigurations = (
				7BFA24B52A131D9B00A6A444 /* Debug */,
				7BFA24B62A131D9B00A6A444 /* Release */,
			);
			defaultConfigurationIsVisible = 0;
			defaultConfigurationName = Release;
		};
/* End XCConfigurationList section */

/* Begin XCVersionGroup section */
		7BFA24A92A131D9A00A6A444 /* ListenAndSpeakApp.xcdatamodeld */ = {
			isa = XCVersionGroup;
			children = (
				7BFA24AA2A131D9A00A6A444 /* ListenAndSpeakApp.xcdatamodel */,
			);
			currentVersion = 7BFA24AA2A131D9A00A6A444 /* ListenAndSpeakApp.xcdatamodel */;
			path = ListenAndSpeakApp.xcdatamodeld;
			sourceTree = "<group>";
			versionGroupType = wrapper.xcdatamodel;
		};
/* End XCVersionGroup section */
	};
	rootObject = 7BFA24952A131D9A00A6A444 /* Project object */;
}
