// !$*UTF8*$!
{
	archiveVersion = 1;
	classes = {
	};
	objectVersion = 56;
	objects = {

/* Begin PBXBuildFile section */
		7BFA24632A131C4D00A6A444 /* AppDelegate.swift in Sources */ = {isa = PBXBuildFile; fileRef = 7BFA24622A131C4D00A6A444 /* AppDelegate.swift */; };
		7BFA24652A131C4D00A6A444 /* ViewController.swift in Sources */ = {isa = PBXBuildFile; fileRef = 7BFA24642A131C4D00A6A444 /* ViewController.swift */; };
		7BFA24682A131C4D00A6A444 /* ListenAndSpeakingApp.xcdatamodeld in Sources */ = {isa = PBXBuildFile; fileRef = 7BFA24662A131C4D00A6A444 /* ListenAndSpeakingApp.xcdatamodeld */; };
		7BFA246A2A131C4E00A6A444 /* Assets.xcassets in Resources */ = {isa = PBXBuildFile; fileRef = 7BFA24692A131C4E00A6A444 /* Assets.xcassets */; };
		7BFA246D2A131C4E00A6A444 /* Main.storyboard in Resources */ = {isa = PBXBuildFile; fileRef = 7BFA246B2A131C4E00A6A444 /* Main.storyboard */; };
		AF176E705D9060E5617BE1EC /* Pods_ListenAndSpeakingApp.framework in Frameworks */ = {isa = PBXBuildFile; fileRef = B77F561C67C4A1361E98A3E6 /* Pods_ListenAndSpeakingApp.framework */; };
/* End PBXBuildFile section */

/* Begin PBXFileReference section */
		52136EED4AD7650C19BFCBE7 /* Pods-ListenAndSpeakingApp.release.xcconfig */ = {isa = PBXFileReference; includeInIndex = 1; lastKnownFileType = text.xcconfig; name = "Pods-ListenAndSpeakingApp.release.xcconfig"; path = "Target Support Files/Pods-ListenAndSpeakingApp/Pods-ListenAndSpeakingApp.release.xcconfig"; sourceTree = "<group>"; };
		7BFA245F2A131C4D00A6A444 /* ListenAndSpeakingApp.app */ = {isa = PBXFileReference; explicitFileType = wrapper.application; includeInIndex = 0; path = ListenAndSpeakingApp.app; sourceTree = BUILT_PRODUCTS_DIR; };
		7BFA24622A131C4D00A6A444 /* AppDelegate.swift */ = {isa = PBXFileReference; lastKnownFileType = sourcecode.swift; path = AppDelegate.swift; sourceTree = "<group>"; };
		7BFA24642A131C4D00A6A444 /* ViewController.swift */ = {isa = PBXFileReference; lastKnownFileType = sourcecode.swift; path = ViewController.swift; sourceTree = "<group>"; };
		7BFA24672A131C4D00A6A444 /* ListenAndSpeakingApp.xcdatamodel */ = {isa = PBXFileReference; lastKnownFileType = wrapper.xcdatamodel; path = ListenAndSpeakingApp.xcdatamodel; sourceTree = "<group>"; };
		7BFA24692A131C4E00A6A444 /* Assets.xcassets */ = {isa = PBXFileReference; lastKnownFileType = folder.assetcatalog; path = Assets.xcassets; sourceTree = "<group>"; };
		7BFA246C2A131C4E00A6A444 /* Base */ = {isa = PBXFileReference; lastKnownFileType = file.storyboard; name = Base; path = Base.lproj/Main.storyboard; sourceTree = "<group>"; };
		7BFA246E2A131C4E00A6A444 /* ListenAndSpeakingApp.entitlements */ = {isa = PBXFileReference; lastKnownFileType = text.plist.entitlements; path = ListenAndSpeakingApp.entitlements; sourceTree = "<group>"; };
		B77F561C67C4A1361E98A3E6 /* Pods_ListenAndSpeakingApp.framework */ = {isa = PBXFileReference; explicitFileType = wrapper.framework; includeInIndex = 0; path = Pods_ListenAndSpeakingApp.framework; sourceTree = BUILT_PRODUCTS_DIR; };
		F6E9DB706EBCA3AAACF6E886 /* Pods-ListenAndSpeakingApp.debug.xcconfig */ = {isa = PBXFileReference; includeInIndex = 1; lastKnownFileType = text.xcconfig; name = "Pods-ListenAndSpeakingApp.debug.xcconfig"; path = "Target Support Files/Pods-ListenAndSpeakingApp/Pods-ListenAndSpeakingApp.debug.xcconfig"; sourceTree = "<group>"; };
/* End PBXFileReference section */

/* Begin PBXFrameworksBuildPhase section */
		7BFA245C2A131C4D00A6A444 /* Frameworks */ = {
			isa = PBXFrameworksBuildPhase;
			buildActionMask = 2147483647;
			files = (
				AF176E705D9060E5617BE1EC /* Pods_ListenAndSpeakingApp.framework in Frameworks */,
			);
			runOnlyForDeploymentPostprocessing = 0;
		};
/* End PBXFrameworksBuildPhase section */

/* Begin PBXGroup section */
		489E7F4767816C6D65817841 /* Frameworks */ = {
			isa = PBXGroup;
			children = (
				B77F561C67C4A1361E98A3E6 /* Pods_ListenAndSpeakingApp.framework */,
			);
			name = Frameworks;
			sourceTree = "<group>";
		};
		49E587528DB02E64BD40D43C /* Pods */ = {
			isa = PBXGroup;
			children = (
				F6E9DB706EBCA3AAACF6E886 /* Pods-ListenAndSpeakingApp.debug.xcconfig */,
				52136EED4AD7650C19BFCBE7 /* Pods-ListenAndSpeakingApp.release.xcconfig */,
			);
			name = Pods;
			path = Pods;
			sourceTree = "<group>";
		};
		7BFA24562A131C4D00A6A444 = {
			isa = PBXGroup;
			children = (
				7BFA24612A131C4D00A6A444 /* ListenAndSpeakingApp */,
				7BFA24602A131C4D00A6A444 /* Products */,
				49E587528DB02E64BD40D43C /* Pods */,
				489E7F4767816C6D65817841 /* Frameworks */,
			);
			sourceTree = "<group>";
		};
		7BFA24602A131C4D00A6A444 /* Products */ = {
			isa = PBXGroup;
			children = (
				7BFA245F2A131C4D00A6A444 /* ListenAndSpeakingApp.app */,
			);
			name = Products;
			sourceTree = "<group>";
		};
		7BFA24612A131C4D00A6A444 /* ListenAndSpeakingApp */ = {
			isa = PBXGroup;
			children = (
				7BFA24622A131C4D00A6A444 /* AppDelegate.swift */,
				7BFA24642A131C4D00A6A444 /* ViewController.swift */,
				7BFA24692A131C4E00A6A444 /* Assets.xcassets */,
				7BFA246B2A131C4E00A6A444 /* Main.storyboard */,
				7BFA246E2A131C4E00A6A444 /* ListenAndSpeakingApp.entitlements */,
				7BFA24662A131C4D00A6A444 /* ListenAndSpeakingApp.xcdatamodeld */,
			);
			path = ListenAndSpeakingApp;
			sourceTree = "<group>";
		};
/* End PBXGroup section */

/* Begin PBXNativeTarget section */
		7BFA245E2A131C4D00A6A444 /* ListenAndSpeakingApp */ = {
			isa = PBXNativeTarget;
			buildConfigurationList = 7BFA24712A131C4E00A6A444 /* Build configuration list for PBXNativeTarget "ListenAndSpeakingApp" */;
			buildPhases = (
				86434925601E2DAC95408BEE /* [CP] Check Pods Manifest.lock */,
				7BFA245B2A131C4D00A6A444 /* Sources */,
				7BFA245C2A131C4D00A6A444 /* Frameworks */,
				7BFA245D2A131C4D00A6A444 /* Resources */,
			);
			buildRules = (
			);
			dependencies = (
			);
			name = ListenAndSpeakingApp;
			productName = ListenAndSpeakingApp;
			productReference = 7BFA245F2A131C4D00A6A444 /* ListenAndSpeakingApp.app */;
			productType = "com.apple.product-type.application";
		};
/* End PBXNativeTarget section */

/* Begin PBXProject section */
		7BFA24572A131C4D00A6A444 /* Project object */ = {
			isa = PBXProject;
			attributes = {
				BuildIndependentTargetsInParallel = 1;
				LastSwiftUpdateCheck = 1420;
				LastUpgradeCheck = 1420;
				TargetAttributes = {
					7BFA245E2A131C4D00A6A444 = {
						CreatedOnToolsVersion = 14.2;
					};
				};
			};
			buildConfigurationList = 7BFA245A2A131C4D00A6A444 /* Build configuration list for PBXProject "ListenAndSpeakingApp" */;
			compatibilityVersion = "Xcode 14.0";
			developmentRegion = en;
			hasScannedForEncodings = 0;
			knownRegions = (
				en,
				Base,
			);
			mainGroup = 7BFA24562A131C4D00A6A444;
			productRefGroup = 7BFA24602A131C4D00A6A444 /* Products */;
			projectDirPath = "";
			projectRoot = "";
			targets = (
				7BFA245E2A131C4D00A6A444 /* ListenAndSpeakingApp */,
			);
		};
/* End PBXProject section */

/* Begin PBXResourcesBuildPhase section */
		7BFA245D2A131C4D00A6A444 /* Resources */ = {
			isa = PBXResourcesBuildPhase;
			buildActionMask = 2147483647;
			files = (
				7BFA246A2A131C4E00A6A444 /* Assets.xcassets in Resources */,
				7BFA246D2A131C4E00A6A444 /* Main.storyboard in Resources */,
			);
			runOnlyForDeploymentPostprocessing = 0;
		};
/* End PBXResourcesBuildPhase section */

/* Begin PBXShellScriptBuildPhase section */
		86434925601E2DAC95408BEE /* [CP] Check Pods Manifest.lock */ = {
			isa = PBXShellScriptBuildPhase;
			buildActionMask = 2147483647;
			files = (
			);
			inputFileListPaths = (
			);
			inputPaths = (
				"${PODS_PODFILE_DIR_PATH}/Podfile.lock",
				"${PODS_ROOT}/Manifest.lock",
			);
			name = "[CP] Check Pods Manifest.lock";
			outputFileListPaths = (
			);
			outputPaths = (
				"$(DERIVED_FILE_DIR)/Pods-ListenAndSpeakingApp-checkManifestLockResult.txt",
			);
			runOnlyForDeploymentPostprocessing = 0;
			shellPath = /bin/sh;
			shellScript = "diff \"${PODS_PODFILE_DIR_PATH}/Podfile.lock\" \"${PODS_ROOT}/Manifest.lock\" > /dev/null\nif [ $? != 0 ] ; then\n    # print error to STDERR\n    echo \"error: The sandbox is not in sync with the Podfile.lock. Run 'pod install' or update your CocoaPods installation.\" >&2\n    exit 1\nfi\n# This output is used by Xcode 'outputs' to avoid re-running this script phase.\necho \"SUCCESS\" > \"${SCRIPT_OUTPUT_FILE_0}\"\n";
			showEnvVarsInLog = 0;
		};
/* End PBXShellScriptBuildPhase section */

/* Begin PBXSourcesBuildPhase section */
		7BFA245B2A131C4D00A6A444 /* Sources */ = {
			isa = PBXSourcesBuildPhase;
			buildActionMask = 2147483647;
			files = (
				7BFA24652A131C4D00A6A444 /* ViewController.swift in Sources */,
				7BFA24682A131C4D00A6A444 /* ListenAndSpeakingApp.xcdatamodeld in Sources */,
				7BFA24632A131C4D00A6A444 /* AppDelegate.swift in Sources */,
			);
			runOnlyForDeploymentPostprocessing = 0;
		};
/* End PBXSourcesBuildPhase section */

/* Begin PBXVariantGroup section */
		7BFA246B2A131C4E00A6A444 /* Main.storyboard */ = {
			isa = PBXVariantGroup;
			children = (
				7BFA246C2A131C4E00A6A444 /* Base */,
			);
			name = Main.storyboard;
			sourceTree = "<group>";
		};
/* End PBXVariantGroup section */

/* Begin XCBuildConfiguration section */
		7BFA246F2A131C4E00A6A444 /* Debug */ = {
			isa = XCBuildConfiguration;
			buildSettings = {
				ALWAYS_SEARCH_USER_PATHS = NO;
				CLANG_ANALYZER_NONNULL = YES;
				CLANG_ANALYZER_NUMBER_OBJECT_CONVERSION = YES_AGGRESSIVE;
				CLANG_CXX_LANGUAGE_STANDARD = "gnu++20";
				CLANG_ENABLE_MODULES = YES;
				CLANG_ENABLE_OBJC_ARC = YES;
				CLANG_ENABLE_OBJC_WEAK = YES;
				CLANG_WARN_BLOCK_CAPTURE_AUTORELEASING = YES;
				CLANG_WARN_BOOL_CONVERSION = YES;
				CLANG_WARN_COMMA = YES;
				CLANG_WARN_CONSTANT_CONVERSION = YES;
				CLANG_WARN_DEPRECATED_OBJC_IMPLEMENTATIONS = YES;
				CLANG_WARN_DIRECT_OBJC_ISA_USAGE = YES_ERROR;
				CLANG_WARN_DOCUMENTATION_COMMENTS = YES;
				CLANG_WARN_EMPTY_BODY = YES;
				CLANG_WARN_ENUM_CONVERSION = YES;
				CLANG_WARN_INFINITE_RECURSION = YES;
				CLANG_WARN_INT_CONVERSION = YES;
				CLANG_WARN_NON_LITERAL_NULL_CONVERSION = YES;
				CLANG_WARN_OBJC_IMPLICIT_RETAIN_SELF = YES;
				CLANG_WARN_OBJC_LITERAL_CONVERSION = YES;
				CLANG_WARN_OBJC_ROOT_CLASS = YES_ERROR;
				CLANG_WARN_QUOTED_INCLUDE_IN_FRAMEWORK_HEADER = YES;
				CLANG_WARN_RANGE_LOOP_ANALYSIS = YES;
				CLANG_WARN_STRICT_PROTOTYPES = YES;
				CLANG_WARN_SUSPICIOUS_MOVE = YES;
				CLANG_WARN_UNGUARDED_AVAILABILITY = YES_AGGRESSIVE;
				CLANG_WARN_UNREACHABLE_CODE = YES;
				CLANG_WARN__DUPLICATE_METHOD_MATCH = YES;
				COPY_PHASE_STRIP = NO;
				DEBUG_INFORMATION_FORMAT = dwarf;
				ENABLE_STRICT_OBJC_MSGSEND = YES;
				ENABLE_TESTABILITY = YES;
				GCC_C_LANGUAGE_STANDARD = gnu11;
				GCC_DYNAMIC_NO_PIC = NO;
				GCC_NO_COMMON_BLOCKS = YES;
				GCC_OPTIMIZATION_LEVEL = 0;
				GCC_PREPROCESSOR_DEFINITIONS = (
					"DEBUG=1",
					"$(inherited)",
				);
				GCC_WARN_64_TO_32_BIT_CONVERSION = YES;
				GCC_WARN_ABOUT_RETURN_TYPE = YES_ERROR;
				GCC_WARN_UNDECLARED_SELECTOR = YES;
				GCC_WARN_UNINITIALIZED_AUTOS = YES_AGGRESSIVE;
				GCC_WARN_UNUSED_FUNCTION = YES;
				GCC_WARN_UNUSED_VARIABLE = YES;
				MACOSX_DEPLOYMENT_TARGET = 13.1;
				MTL_ENABLE_DEBUG_INFO = INCLUDE_SOURCE;
				MTL_FAST_MATH = YES;
				ONLY_ACTIVE_ARCH = YES;
				SDKROOT = macosx;
				SWIFT_ACTIVE_COMPILATION_CONDITIONS = DEBUG;
				SWIFT_OPTIMIZATION_LEVEL = "-Onone";
			};
			name = Debug;
		};
		7BFA24702A131C4E00A6A444 /* Release */ = {
			isa = XCBuildConfiguration;
			buildSettings = {
				ALWAYS_SEARCH_USER_PATHS = NO;
				CLANG_ANALYZER_NONNULL = YES;
				CLANG_ANALYZER_NUMBER_OBJECT_CONVERSION = YES_AGGRESSIVE;
				CLANG_CXX_LANGUAGE_STANDARD = "gnu++20";
				CLANG_ENABLE_MODULES = YES;
				CLANG_ENABLE_OBJC_ARC = YES;
				CLANG_ENABLE_OBJC_WEAK = YES;
				CLANG_WARN_BLOCK_CAPTURE_AUTORELEASING = YES;
				CLANG_WARN_BOOL_CONVERSION = YES;
				CLANG_WARN_COMMA = YES;
				CLANG_WARN_CONSTANT_CONVERSION = YES;
				CLANG_WARN_DEPRECATED_OBJC_IMPLEMENTATIONS = YES;
				CLANG_WARN_DIRECT_OBJC_ISA_USAGE = YES_ERROR;
				CLANG_WARN_DOCUMENTATION_COMMENTS = YES;
				CLANG_WARN_EMPTY_BODY = YES;
				CLANG_WARN_ENUM_CONVERSION = YES;
				CLANG_WARN_INFINITE_RECURSION = YES;
				CLANG_WARN_INT_CONVERSION = YES;
				CLANG_WARN_NON_LITERAL_NULL_CONVERSION = YES;
				CLANG_WARN_OBJC_IMPLICIT_RETAIN_SELF = YES;
				CLANG_WARN_OBJC_LITERAL_CONVERSION = YES;
				CLANG_WARN_OBJC_ROOT_CLASS = YES_ERROR;
				CLANG_WARN_QUOTED_INCLUDE_IN_FRAMEWORK_HEADER = YES;
				CLANG_WARN_RANGE_LOOP_ANALYSIS = YES;
				CLANG_WARN_STRICT_PROTOTYPES = YES;
				CLANG_WARN_SUSPICIOUS_MOVE = YES;
				CLANG_WARN_UNGUARDED_AVAILABILITY = YES_AGGRESSIVE;
				CLANG_WARN_UNREACHABLE_CODE = YES;
				CLANG_WARN__DUPLICATE_METHOD_MATCH = YES;
				COPY_PHASE_STRIP = NO;
				DEBUG_INFORMATION_FORMAT = "dwarf-with-dsym";
				ENABLE_NS_ASSERTIONS = NO;
				ENABLE_STRICT_OBJC_MSGSEND = YES;
				GCC_C_LANGUAGE_STANDARD = gnu11;
				GCC_NO_COMMON_BLOCKS = YES;
				GCC_WARN_64_TO_32_BIT_CONVERSION = YES;
				GCC_WARN_ABOUT_RETURN_TYPE = YES_ERROR;
				GCC_WARN_UNDECLARED_SELECTOR = YES;
				GCC_WARN_UNINITIALIZED_AUTOS = YES_AGGRESSIVE;
				GCC_WARN_UNUSED_FUNCTION = YES;
				GCC_WARN_UNUSED_VARIABLE = YES;
				MACOSX_DEPLOYMENT_TARGET = 13.1;
				MTL_ENABLE_DEBUG_INFO = NO;
				MTL_FAST_MATH = YES;
				SDKROOT = macosx;
				SWIFT_COMPILATION_MODE = wholemodule;
				SWIFT_OPTIMIZATION_LEVEL = "-O";
			};
			name = Release;
		};
		7BFA24722A131C4E00A6A444 /* Debug */ = {
			isa = XCBuildConfiguration;
			baseConfigurationReference = F6E9DB706EBCA3AAACF6E886 /* Pods-ListenAndSpeakingApp.debug.xcconfig */;
			buildSettings = {
				ASSETCATALOG_COMPILER_APPICON_NAME = AppIcon;
				ASSETCATALOG_COMPILER_GLOBAL_ACCENT_COLOR_NAME = AccentColor;
				CODE_SIGN_ENTITLEMENTS = ListenAndSpeakingApp/ListenAndSpeakingApp.entitlements;
				CODE_SIGN_STYLE = Automatic;
				COMBINE_HIDPI_IMAGES = YES;
				CURRENT_PROJECT_VERSION = 1;
				DEVELOPMENT_TEAM = 9Y3C29YBST;
				ENABLE_HARDENED_RUNTIME = YES;
				GENERATE_INFOPLIST_FILE = YES;
				INFOPLIST_KEY_NSHumanReadableCopyright = "";
				INFOPLIST_KEY_NSMainStoryboardFile = Main;
				INFOPLIST_KEY_NSPrincipalClass = NSApplication;
				LD_RUNPATH_SEARCH_PATHS = (
					"$(inherited)",
					"@executable_path/../Frameworks",
				);
				MARKETING_VERSION = 1.0;
				PRODUCT_BUNDLE_IDENTIFIER = Cudo.ListenAndSpeakingApp;
				PRODUCT_NAME = "$(TARGET_NAME)";
				SWIFT_EMIT_LOC_STRINGS = YES;
				SWIFT_VERSION = 5.0;
			};
			name = Debug;
		};
		7BFA24732A131C4E00A6A444 /* Release */ = {
			isa = XCBuildConfiguration;
			baseConfigurationReference = 52136EED4AD7650C19BFCBE7 /* Pods-ListenAndSpeakingApp.release.xcconfig */;
			buildSettings = {
				ASSETCATALOG_COMPILER_APPICON_NAME = AppIcon;
				ASSETCATALOG_COMPILER_GLOBAL_ACCENT_COLOR_NAME = AccentColor;
				CODE_SIGN_ENTITLEMENTS = ListenAndSpeakingApp/ListenAndSpeakingApp.entitlements;
				CODE_SIGN_STYLE = Automatic;
				COMBINE_HIDPI_IMAGES = YES;
				CURRENT_PROJECT_VERSION = 1;
				DEVELOPMENT_TEAM = 9Y3C29YBST;
				ENABLE_HARDENED_RUNTIME = YES;
				GENERATE_INFOPLIST_FILE = YES;
				INFOPLIST_KEY_NSHumanReadableCopyright = "";
				INFOPLIST_KEY_NSMainStoryboardFile = Main;
				INFOPLIST_KEY_NSPrincipalClass = NSApplication;
				LD_RUNPATH_SEARCH_PATHS = (
					"$(inherited)",
					"@executable_path/../Frameworks",
				);
				MARKETING_VERSION = 1.0;
				PRODUCT_BUNDLE_IDENTIFIER = Cudo.ListenAndSpeakingApp;
				PRODUCT_NAME = "$(TARGET_NAME)";
				SWIFT_EMIT_LOC_STRINGS = YES;
				SWIFT_VERSION = 5.0;
			};
			name = Release;
		};
/* End XCBuildConfiguration section */

/* Begin XCConfigurationList section */
		7BFA245A2A131C4D00A6A444 /* Build configuration list for PBXProject "ListenAndSpeakingApp" */ = {
			isa = XCConfigurationList;
			buildConfigurations = (
				7BFA246F2A131C4E00A6A444 /* Debug */,
				7BFA24702A131C4E00A6A444 /* Release */,
			);
			defaultConfigurationIsVisible = 0;
			defaultConfigurationName = Release;
		};
		7BFA24712A131C4E00A6A444 /* Build configuration list for PBXNativeTarget "ListenAndSpeakingApp" */ = {
			isa = XCConfigurationList;
			buildConfigurations = (
				7BFA24722A131C4E00A6A444 /* Debug */,
				7BFA24732A131C4E00A6A444 /* Release */,
			);
			defaultConfigurationIsVisible = 0;
			defaultConfigurationName = Release;
		};
/* End XCConfigurationList section */

/* Begin XCVersionGroup section */
		7BFA24662A131C4D00A6A444 /* ListenAndSpeakingApp.xcdatamodeld */ = {
			isa = XCVersionGroup;
			children = (
				7BFA24672A131C4D00A6A444 /* ListenAndSpeakingApp.xcdatamodel */,
			);
			currentVersion = 7BFA24672A131C4D00A6A444 /* ListenAndSpeakingApp.xcdatamodel */;
			path = ListenAndSpeakingApp.xcdatamodeld;
			sourceTree = "<group>";
			versionGroupType = wrapper.xcdatamodel;
		};
/* End XCVersionGroup section */
	};
	rootObject = 7BFA24572A131C4D00A6A444 /* Project object */;
}
